// !$*UTF8*$!
{
	archiveVersion = 1;
	classes = {
	};
	objectVersion = 55;
	objects = {

/* Begin PBXBuildFile section */
		1EF6C763286498D90066C8E2 /* AppDelegate.swift in Sources */ = {isa = PBXBuildFile; fileRef = 1EF6C762286498D90066C8E2 /* AppDelegate.swift */; };
		1EF6C765286498D90066C8E2 /* SceneDelegate.swift in Sources */ = {isa = PBXBuildFile; fileRef = 1EF6C764286498D90066C8E2 /* SceneDelegate.swift */; };
		1EF6C767286498D90066C8E2 /* ViewController.swift in Sources */ = {isa = PBXBuildFile; fileRef = 1EF6C766286498D90066C8E2 /* ViewController.swift */; };
		1EF6C76C286498DA0066C8E2 /* Assets.xcassets in Resources */ = {isa = PBXBuildFile; fileRef = 1EF6C76B286498DA0066C8E2 /* Assets.xcassets */; };
		1EF6C76F286498DA0066C8E2 /* LaunchScreen.storyboard in Resources */ = {isa = PBXBuildFile; fileRef = 1EF6C76D286498DA0066C8E2 /* LaunchScreen.storyboard */; };
		1EF6C77728649C320066C8E2 /* PersonCell.swift in Sources */ = {isa = PBXBuildFile; fileRef = 1EF6C77628649C320066C8E2 /* PersonCell.swift */; };
		1EF6C77928649F780066C8E2 /* Main.storyboard in Resources */ = {isa = PBXBuildFile; fileRef = 1EF6C77828649F780066C8E2 /* Main.storyboard */; };
		1EF6C77B2864A7590066C8E2 /* Person.swift in Sources */ = {isa = PBXBuildFile; fileRef = 1EF6C77A2864A7590066C8E2 /* Person.swift */; };
/* End PBXBuildFile section */

/* Begin PBXFileReference section */
		1EF6C75F286498D90066C8E2 /* Names to Faces.app */ = {isa = PBXFileReference; explicitFileType = wrapper.application; includeInIndex = 0; path = "Names to Faces.app"; sourceTree = BUILT_PRODUCTS_DIR; };
		1EF6C762286498D90066C8E2 /* AppDelegate.swift */ = {isa = PBXFileReference; lastKnownFileType = sourcecode.swift; path = AppDelegate.swift; sourceTree = "<group>"; };
		1EF6C764286498D90066C8E2 /* SceneDelegate.swift */ = {isa = PBXFileReference; lastKnownFileType = sourcecode.swift; path = SceneDelegate.swift; sourceTree = "<group>"; };
		1EF6C766286498D90066C8E2 /* ViewController.swift */ = {isa = PBXFileReference; lastKnownFileType = sourcecode.swift; path = ViewController.swift; sourceTree = "<group>"; };
		1EF6C76B286498DA0066C8E2 /* Assets.xcassets */ = {isa = PBXFileReference; lastKnownFileType = folder.assetcatalog; path = Assets.xcassets; sourceTree = "<group>"; };
		1EF6C76E286498DA0066C8E2 /* Base */ = {isa = PBXFileReference; lastKnownFileType = file.storyboard; name = Base; path = Base.lproj/LaunchScreen.storyboard; sourceTree = "<group>"; };
		1EF6C770286498DA0066C8E2 /* Info.plist */ = {isa = PBXFileReference; lastKnownFileType = text.plist.xml; path = Info.plist; sourceTree = "<group>"; };
		1EF6C77628649C320066C8E2 /* PersonCell.swift */ = {isa = PBXFileReference; lastKnownFileType = sourcecode.swift; path = PersonCell.swift; sourceTree = "<group>"; };
		1EF6C77828649F780066C8E2 /* Main.storyboard */ = {isa = PBXFileReference; fileEncoding = 4; lastKnownFileType = file.storyboard; path = Main.storyboard; sourceTree = "<group>"; };
		1EF6C77A2864A7590066C8E2 /* Person.swift */ = {isa = PBXFileReference; lastKnownFileType = sourcecode.swift; path = Person.swift; sourceTree = "<group>"; };
/* End PBXFileReference section */

/* Begin PBXFrameworksBuildPhase section */
		1EF6C75C286498D90066C8E2 /* Frameworks */ = {
			isa = PBXFrameworksBuildPhase;
			buildActionMask = 2147483647;
			files = (
			);
			runOnlyForDeploymentPostprocessing = 0;
		};
/* End PBXFrameworksBuildPhase section */

/* Begin PBXGroup section */
		1EF6C756286498D90066C8E2 = {
			isa = PBXGroup;
			children = (
				1EF6C761286498D90066C8E2 /* Names to Faces */,
				1EF6C760286498D90066C8E2 /* Products */,
			);
			sourceTree = "<group>";
		};
		1EF6C760286498D90066C8E2 /* Products */ = {
			isa = PBXGroup;
			children = (
				1EF6C75F286498D90066C8E2 /* Names to Faces.app */,
			);
			name = Products;
			sourceTree = "<group>";
		};
		1EF6C761286498D90066C8E2 /* Names to Faces */ = {
			isa = PBXGroup;
			children = (
				1EF6C762286498D90066C8E2 /* AppDelegate.swift */,
				1EF6C764286498D90066C8E2 /* SceneDelegate.swift */,
				1EF6C766286498D90066C8E2 /* ViewController.swift */,
				1EF6C77A2864A7590066C8E2 /* Person.swift */,
				1EF6C77628649C320066C8E2 /* PersonCell.swift */,
				1EF6C77828649F780066C8E2 /* Main.storyboard */,
				1EF6C76B286498DA0066C8E2 /* Assets.xcassets */,
				1EF6C76D286498DA0066C8E2 /* LaunchScreen.storyboard */,
				1EF6C770286498DA0066C8E2 /* Info.plist */,
			);
			path = "Names to Faces";
			sourceTree = "<group>";
		};
/* End PBXGroup section */

/* Begin PBXNativeTarget section */
		1EF6C75E286498D90066C8E2 /* Names to Faces */ = {
			isa = PBXNativeTarget;
			buildConfigurationList = 1EF6C773286498DA0066C8E2 /* Build configuration list for PBXNativeTarget "Names to Faces" */;
			buildPhases = (
				1EF6C75B286498D90066C8E2 /* Sources */,
				1EF6C75C286498D90066C8E2 /* Frameworks */,
				1EF6C75D286498D90066C8E2 /* Resources */,
			);
			buildRules = (
			);
			dependencies = (
			);
			name = "Names to Faces";
			productName = "Names to Faces";
			productReference = 1EF6C75F286498D90066C8E2 /* Names to Faces.app */;
			productType = "com.apple.product-type.application";
		};
/* End PBXNativeTarget section */

/* Begin PBXProject section */
		1EF6C757286498D90066C8E2 /* Project object */ = {
			isa = PBXProject;
			attributes = {
				BuildIndependentTargetsInParallel = 1;
				LastSwiftUpdateCheck = 1340;
				LastUpgradeCheck = 1340;
				TargetAttributes = {
					1EF6C75E286498D90066C8E2 = {
						CreatedOnToolsVersion = 13.4.1;
					};
				};
			};
			buildConfigurationList = 1EF6C75A286498D90066C8E2 /* Build configuration list for PBXProject "Names to Faces" */;
			compatibilityVersion = "Xcode 13.0";
			developmentRegion = en;
			hasScannedForEncodings = 0;
			knownRegions = (
				en,
				Base,
			);
			mainGroup = 1EF6C756286498D90066C8E2;
			productRefGroup = 1EF6C760286498D90066C8E2 /* Products */;
			projectDirPath = "";
			projectRoot = "";
			targets = (
				1EF6C75E286498D90066C8E2 /* Names to Faces */,
			);
		};
/* End PBXProject section */

/* Begin PBXResourcesBuildPhase section */
		1EF6C75D286498D90066C8E2 /* Resources */ = {
			isa = PBXResourcesBuildPhase;
			buildActionMask = 2147483647;
			files = (
				1EF6C77928649F780066C8E2 /* Main.storyboard in Resources */,
				1EF6C76F286498DA0066C8E2 /* LaunchScreen.storyboard in Resources */,
				1EF6C76C286498DA0066C8E2 /* Assets.xcassets in Resources */,
			);
			runOnlyForDeploymentPostprocessing = 0;
		};
/* End PBXResourcesBuildPhase section */

/* Begin PBXSourcesBuildPhase section */
		1EF6C75B286498D90066C8E2 /* Sources */ = {
			isa = PBXSourcesBuildPhase;
			buildActionMask = 2147483647;
			files = (
				1EF6C77B2864A7590066C8E2 /* Person.swift in Sources */,
				1EF6C767286498D90066C8E2 /* ViewController.swift in Sources */,
				1EF6C763286498D90066C8E2 /* AppDelegate.swift in Sources */,
				1EF6C77728649C320066C8E2 /* PersonCell.swift in Sources */,
				1EF6C765286498D90066C8E2 /* SceneDelegate.swift in Sources */,
			);
			runOnlyForDeploymentPostprocessing = 0;
		};
/* End PBXSourcesBuildPhase section */

/* Begin PBXVariantGroup section */
		1EF6C76D286498DA0066C8E2 /* LaunchScreen.storyboard */ = {
			isa = PBXVariantGroup;
			children = (
				1EF6C76E286498DA0066C8E2 /* Base */,
			);
			name = LaunchScreen.storyboard;
			sourceTree = "<group>";
		};
/* End PBXVariantGroup section */

/* Begin XCBuildConfiguration section */
		1EF6C771286498DA0066C8E2 /* Debug */ = {
			isa = XCBuildConfiguration;
			buildSettings = {
				ALWAYS_SEARCH_USER_PATHS = NO;
				CLANG_ANALYZER_NONNULL = YES;
				CLANG_ANALYZER_NUMBER_OBJECT_CONVERSION = YES_AGGRESSIVE;
				CLANG_CXX_LANGUAGE_STANDARD = "gnu++17";
				CLANG_ENABLE_MODULES = YES;
				CLANG_ENABLE_OBJC_ARC = YES;
				CLANG_ENABLE_OBJC_WEAK = YES;
				CLANG_WARN_BLOCK_CAPTURE_AUTORELEASING = YES;
				CLANG_WARN_BOOL_CONVERSION = YES;
				CLANG_WARN_COMMA = YES;
				CLANG_WARN_CONSTANT_CONVERSION = YES;
				CLANG_WARN_DEPRECATED_OBJC_IMPLEMENTATIONS = YES;
				CLANG_WARN_DIRECT_OBJC_ISA_USAGE = YES_ERROR;
				CLANG_WARN_DOCUMENTATION_COMMENTS = YES;
				CLANG_WARN_EMPTY_BODY = YES;
				CLANG_WARN_ENUM_CONVERSION = YES;
				CLANG_WARN_INFINITE_RECURSION = YES;
				CLANG_WARN_INT_CONVERSION = YES;
				CLANG_WARN_NON_LITERAL_NULL_CONVERSION = YES;
				CLANG_WARN_OBJC_IMPLICIT_RETAIN_SELF = YES;
				CLANG_WARN_OBJC_LITERAL_CONVERSION = YES;
				CLANG_WARN_OBJC_ROOT_CLASS = YES_ERROR;
				CLANG_WARN_QUOTED_INCLUDE_IN_FRAMEWORK_HEADER = YES;
				CLANG_WARN_RANGE_LOOP_ANALYSIS = YES;
				CLANG_WARN_STRICT_PROTOTYPES = YES;
				CLANG_WARN_SUSPICIOUS_MOVE = YES;
				CLANG_WARN_UNGUARDED_AVAILABILITY = YES_AGGRESSIVE;
				CLANG_WARN_UNREACHABLE_CODE = YES;
				CLANG_WARN__DUPLICATE_METHOD_MATCH = YES;
				COPY_PHASE_STRIP = NO;
				DEBUG_INFORMATION_FORMAT = dwarf;
				ENABLE_STRICT_OBJC_MSGSEND = YES;
				ENABLE_TESTABILITY = YES;
				GCC_C_LANGUAGE_STANDARD = gnu11;
				GCC_DYNAMIC_NO_PIC = NO;
				GCC_NO_COMMON_BLOCKS = YES;
				GCC_OPTIMIZATION_LEVEL = 0;
				GCC_PREPROCESSOR_DEFINITIONS = (
					"DEBUG=1",
					"$(inherited)",
				);
				GCC_WARN_64_TO_32_BIT_CONVERSION = YES;
				GCC_WARN_ABOUT_RETURN_TYPE = YES_ERROR;
				GCC_WARN_UNDECLARED_SELECTOR = YES;
				GCC_WARN_UNINITIALIZED_AUTOS = YES_AGGRESSIVE;
				GCC_WARN_UNUSED_FUNCTION = YES;
				GCC_WARN_UNUSED_VARIABLE = YES;
				IPHONEOS_DEPLOYMENT_TARGET = 15.5;
				MTL_ENABLE_DEBUG_INFO = INCLUDE_SOURCE;
				MTL_FAST_MATH = YES;
				ONLY_ACTIVE_ARCH = YES;
				SDKROOT = iphoneos;
				SWIFT_ACTIVE_COMPILATION_CONDITIONS = DEBUG;
				SWIFT_OPTIMIZATION_LEVEL = "-Onone";
			};
			name = Debug;
		};
		1EF6C772286498DA0066C8E2 /* Release */ = {
			isa = XCBuildConfiguration;
			buildSettings = {
				ALWAYS_SEARCH_USER_PATHS = NO;
				CLANG_ANALYZER_NONNULL = YES;
				CLANG_ANALYZER_NUMBER_OBJECT_CONVERSION = YES_AGGRESSIVE;
				CLANG_CXX_LANGUAGE_STANDARD = "gnu++17";
				CLANG_ENABLE_MODULES = YES;
				CLANG_ENABLE_OBJC_ARC = YES;
				CLANG_ENABLE_OBJC_WEAK = YES;
				CLANG_WARN_BLOCK_CAPTURE_AUTORELEASING = YES;
				CLANG_WARN_BOOL_CONVERSION = YES;
				CLANG_WARN_COMMA = YES;
				CLANG_WARN_CONSTANT_CONVERSION = YES;
				CLANG_WARN_DEPRECATED_OBJC_IMPLEMENTATIONS = YES;
				CLANG_WARN_DIRECT_OBJC_ISA_USAGE = YES_ERROR;
				CLANG_WARN_DOCUMENTATION_COMMENTS = YES;
				CLANG_WARN_EMPTY_BODY = YES;
				CLANG_WARN_ENUM_CONVERSION = YES;
				CLANG_WARN_INFINITE_RECURSION = YES;
				CLANG_WARN_INT_CONVERSION = YES;
				CLANG_WARN_NON_LITERAL_NULL_CONVERSION = YES;
				CLANG_WARN_OBJC_IMPLICIT_RETAIN_SELF = YES;
				CLANG_WARN_OBJC_LITERAL_CONVERSION = YES;
				CLANG_WARN_OBJC_ROOT_CLASS = YES_ERROR;
				CLANG_WARN_QUOTED_INCLUDE_IN_FRAMEWORK_HEADER = YES;
				CLANG_WARN_RANGE_LOOP_ANALYSIS = YES;
				CLANG_WARN_STRICT_PROTOTYPES = YES;
				CLANG_WARN_SUSPICIOUS_MOVE = YES;
				CLANG_WARN_UNGUARDED_AVAILABILITY = YES_AGGRESSIVE;
				CLANG_WARN_UNREACHABLE_CODE = YES;
				CLANG_WARN__DUPLICATE_METHOD_MATCH = YES;
				COPY_PHASE_STRIP = NO;
				DEBUG_INFORMATION_FORMAT = "dwarf-with-dsym";
				ENABLE_NS_ASSERTIONS = NO;
				ENABLE_STRICT_OBJC_MSGSEND = YES;
				GCC_C_LANGUAGE_STANDARD = gnu11;
				GCC_NO_COMMON_BLOCKS = YES;
				GCC_WARN_64_TO_32_BIT_CONVERSION = YES;
				GCC_WARN_ABOUT_RETURN_TYPE = YES_ERROR;
				GCC_WARN_UNDECLARED_SELECTOR = YES;
				GCC_WARN_UNINITIALIZED_AUTOS = YES_AGGRESSIVE;
				GCC_WARN_UNUSED_FUNCTION = YES;
				GCC_WARN_UNUSED_VARIABLE = YES;
				IPHONEOS_DEPLOYMENT_TARGET = 15.5;
				MTL_ENABLE_DEBUG_INFO = NO;
				MTL_FAST_MATH = YES;
				SDKROOT = iphoneos;
				SWIFT_COMPILATION_MODE = wholemodule;
				SWIFT_OPTIMIZATION_LEVEL = "-O";
				VALIDATE_PRODUCT = YES;
			};
			name = Release;
		};
		1EF6C774286498DA0066C8E2 /* Debug */ = {
			isa = XCBuildConfiguration;
			buildSettings = {
				ASSETCATALOG_COMPILER_APPICON_NAME = AppIcon;
				ASSETCATALOG_COMPILER_GLOBAL_ACCENT_COLOR_NAME = AccentColor;
				CODE_SIGN_STYLE = Automatic;
				CURRENT_PROJECT_VERSION = 1;
				DEVELOPMENT_TEAM = W35MT3Z3FQ;
				GENERATE_INFOPLIST_FILE = YES;
				INFOPLIST_FILE = "Names to Faces/Info.plist";
				INFOPLIST_KEY_UIApplicationSupportsIndirectInputEvents = YES;
				INFOPLIST_KEY_UILaunchStoryboardName = LaunchScreen;
				INFOPLIST_KEY_UIMainStoryboardFile = Main;
				INFOPLIST_KEY_UISupportedInterfaceOrientations_iPad = "UIInterfaceOrientationPortrait UIInterfaceOrientationPortraitUpsideDown UIInterfaceOrientationLandscapeLeft UIInterfaceOrientationLandscapeRight";
				INFOPLIST_KEY_UISupportedInterfaceOrientations_iPhone = "UIInterfaceOrientationPortrait UIInterfaceOrientationLandscapeLeft UIInterfaceOrientationLandscapeRight";
				LD_RUNPATH_SEARCH_PATHS = (
					"$(inherited)",
					"@executable_path/Frameworks",
				);
				MARKETING_VERSION = 1.0;
				PRODUCT_BUNDLE_IDENTIFIER = "com.emirhankarahan.Names-to-Faces";
				PRODUCT_NAME = "$(TARGET_NAME)";
				SWIFT_EMIT_LOC_STRINGS = YES;
				SWIFT_VERSION = 5.0;
				TARGETED_DEVICE_FAMILY = "1,2";
			};
			name = Debug;
		};
		1EF6C775286498DA0066C8E2 /* Release */ = {
			isa = XCBuildConfiguration;
			buildSettings = {
				ASSETCATALOG_COMPILER_APPICON_NAME = AppIcon;
				ASSETCATALOG_COMPILER_GLOBAL_ACCENT_COLOR_NAME = AccentColor;
				CODE_SIGN_STYLE = Automatic;
				CURRENT_PROJECT_VERSION = 1;
				DEVELOPMENT_TEAM = W35MT3Z3FQ;
				GENERATE_INFOPLIST_FILE = YES;
				INFOPLIST_FILE = "Names to Faces/Info.plist";
				INFOPLIST_KEY_UIApplicationSupportsIndirectInputEvents = YES;
				INFOPLIST_KEY_UILaunchStoryboardName = LaunchScreen;
				INFOPLIST_KEY_UIMainStoryboardFile = Main;
				INFOPLIST_KEY_UISupportedInterfaceOrientations_iPad = "UIInterfaceOrientationPortrait UIInterfaceOrientationPortraitUpsideDown UIInterfaceOrientationLandscapeLeft UIInterfaceOrientationLandscapeRight";
				INFOPLIST_KEY_UISupportedInterfaceOrientations_iPhone = "UIInterfaceOrientationPortrait UIInterfaceOrientationLandscapeLeft UIInterfaceOrientationLandscapeRight";
				LD_RUNPATH_SEARCH_PATHS = (
					"$(inherited)",
					"@executable_path/Frameworks",
				);
				MARKETING_VERSION = 1.0;
				PRODUCT_BUNDLE_IDENTIFIER = "com.emirhankarahan.Names-to-Faces";
				PRODUCT_NAME = "$(TARGET_NAME)";
				SWIFT_EMIT_LOC_STRINGS = YES;
				SWIFT_VERSION = 5.0;
				TARGETED_DEVICE_FAMILY = "1,2";
			};
			name = Release;
		};
/* End XCBuildConfiguration section */

/* Begin XCConfigurationList section */
		1EF6C75A286498D90066C8E2 /* Build configuration list for PBXProject "Names to Faces" */ = {
			isa = XCConfigurationList;
			buildConfigurations = (
				1EF6C771286498DA0066C8E2 /* Debug */,
				1EF6C772286498DA0066C8E2 /* Release */,
			);
			defaultConfigurationIsVisible = 0;
			defaultConfigurationName = Release;
		};
		1EF6C773286498DA0066C8E2 /* Build configuration list for PBXNativeTarget "Names to Faces" */ = {
			isa = XCConfigurationList;
			buildConfigurations = (
				1EF6C774286498DA0066C8E2 /* Debug */,
				1EF6C775286498DA0066C8E2 /* Release */,
			);
			defaultConfigurationIsVisible = 0;
			defaultConfigurationName = Release;
		};
/* End XCConfigurationList section */
	};
	rootObject = 1EF6C757286498D90066C8E2 /* Project object */;
}
